
Microsoft Visual Studio Solution File, Format Version 12.00
# Visual Studio Version 17
VisualStudioVersion = 17.14.36212.18 d17.14
MinimumVisualStudioVersion = 10.0.40219.1
Project("{FAE04EC0-301F-11D3-BF4B-00C04F79EFBC}") = "Digitalis_NyomozoIroda", "Digitalis_NyomozoIroda\Digitalis_NyomozoIroda.csproj", "{0BEE9B06-CDF8-4816-BC15-F3B3678C5125}"
EndProject
Global
	GlobalSection(SolutionConfigurationPlatforms) = preSolution
		Debug|Any CPU = Debug|Any CPU
		Release|Any CPU = Release|Any CPU
	EndGlobalSection
	GlobalSection(ProjectConfigurationPlatforms) = postSolution
		{0BEE9B06-CDF8-4816-BC15-F3B3678C5125}.Debug|Any CPU.ActiveCfg = Debug|Any CPU
		{0BEE9B06-CDF8-4816-BC15-F3B3678C5125}.Debug|Any CPU.Build.0 = Debug|Any CPU
		{0BEE9B06-CDF8-4816-BC15-F3B3678C5125}.Release|Any CPU.ActiveCfg = Release|Any CPU
		{0BEE9B06-CDF8-4816-BC15-F3B3678C5125}.Release|Any CPU.Build.0 = Release|Any CPU
	EndGlobalSection
	GlobalSection(SolutionProperties) = preSolution
		HideSolutionNode = FALSE
	EndGlobalSection
	GlobalSection(ExtensibilityGlobals) = postSolution
		SolutionGuid = {9E143323-F63D-4F2C-946C-F3D6A958FE79}
	EndGlobalSection
EndGlobal
